<?xml version="1.0" encoding="utf-8"?>
<Project ToolsVersion="4.0" xmlns="http://schemas.microsoft.com/developer/msbuild/2003">
  <ItemGroup>
    <Filter Include="Source Files">
      <UniqueIdentifier>{4FC737F1-C7A5-4376-A066-2A32D752A2FF}</UniqueIdentifier>
      <Extensions>cpp;c;cc;cxx;def;odl;idl;hpj;bat;asm;asmx</Extensions>
    </Filter>
    <Filter Include="Header Files">
      <UniqueIdentifier>{93995380-89BD-4b04-88EB-625FBE52EBFB}</UniqueIdentifier>
      <Extensions>h;hh;hpp;hxx;hm;inl;inc;ipp;xsd</Extensions>
    </Filter>
    <Filter Include="Resource Files">
      <UniqueIdentifier>{67DA6AB6-F800-4c08-8B7A-83BB121AAD01}</UniqueIdentifier>
      <Extensions>rc;ico;cur;bmp;dlg;rc2;rct;bin;rgs;gif;jpg;jpeg;jpe;resx;tiff;tif;png;wav;mfcribbon-ms</Extensions>
    </Filter>
    <Filter Include="Header Files\lights">
      <UniqueIdentifier>{548eb45f-69ea-4aa2-87cd-81920872d88a}</UniqueIdentifier>
    </Filter>
    <Filter Include="Header Files\states">
      <UniqueIdentifier>{c6dcfffc-5d4b-4eb3-acf7-72d62693b4bb}</UniqueIdentifier>
    </Filter>
    <Filter Include="Source Files\states">
      <UniqueIdentifier>{8dd0c92a-efc6-48b9-9c28-fc092f4d66d0}</UniqueIdentifier>
    </Filter>
    <Filter Include="Header Files\manipulators">
      <UniqueIdentifier>{ffa5ab74-dd51-4088-96c1-601ad02751fb}</UniqueIdentifier>
    </Filter>
    <Filter Include="Header Files\nodes">
      <UniqueIdentifier>{7e6194d9-955c-482e-a8fb-11cf0dc5b07c}</UniqueIdentifier>
    </Filter>
    <Filter Include="Source Files\nodes">
      <UniqueIdentifier>{5541d5b6-b85c-424a-b07b-f6c6b45420f1}</UniqueIdentifier>
    </Filter>
    <Filter Include="Source Files\manipulators">
      <UniqueIdentifier>{252ea10b-c108-4b60-9b6d-c61ef0a1329f}</UniqueIdentifier>
    </Filter>
    <Filter Include="Header Files\graphics">
      <UniqueIdentifier>{5c66900e-407b-41db-bcb4-c52d0b7ffd4b}</UniqueIdentifier>
    </Filter>
    <Filter Include="Source Files\graphics">
      <UniqueIdentifier>{909820a4-b5cc-4daa-ac44-5a89191e97f5}</UniqueIdentifier>
    </Filter>
    <Filter Include="Header Files\input">
      <UniqueIdentifier>{fdaec3d0-f828-42b9-9a86-50cd2071e3fc}</UniqueIdentifier>
    </Filter>
    <Filter Include="Source Files\input">
      <UniqueIdentifier>{a3768c4e-9b01-4c07-9764-3a57079f6ed5}</UniqueIdentifier>
    </Filter>
  </ItemGroup>
  <ItemGroup>
    <ClInclude Include="targetver.h">
      <Filter>Header Files</Filter>
    </ClInclude>
    <ClInclude Include="Render.h">
      <Filter>Header Files</Filter>
    </ClInclude>
    <ClInclude Include="Vertex.h">
      <Filter>Header Files</Filter>
    </ClInclude>
    <ClInclude Include="Primitives.h">
      <Filter>Header Files</Filter>
    </ClInclude>
    <ClInclude Include="Core.h">
      <Filter>Header Files</Filter>
    </ClInclude>
    <ClInclude Include="Camera.h">
      <Filter>Header Files</Filter>
    </ClInclude>
    <ClInclude Include="CoreNode.h">
      <Filter>Header Files</Filter>
    </ClInclude>
    <ClInclude Include="MeshNode.h">
      <Filter>Header Files</Filter>
    </ClInclude>
    <ClInclude Include="CoreDevice.h">
      <Filter>Header Files</Filter>
    </ClInclude>
    <ClInclude Include="CoreCommands.h">
      <Filter>Header Files</Filter>
    </ClInclude>
    <ClInclude Include="TextNode.h">
      <Filter>Header Files</Filter>
    </ClInclude>
    <ClInclude Include="EventManager.h">
      <Filter>Header Files</Filter>
    </ClInclude>
    <ClInclude Include="EventReceiver.h">
      <Filter>Header Files</Filter>
    </ClInclude>
    <ClInclude Include="CoreWindow.h">
      <Filter>Header Files</Filter>
    </ClInclude>
    <ClInclude Include="include\lights\Lights.h">
      <Filter>Header Files\lights</Filter>
    </ClInclude>
    <ClInclude Include="include\lights\LightNode.h">
      <Filter>Header Files\lights</Filter>
    </ClInclude>
    <ClInclude Include="include\lights\PointLightNode.h">
      <Filter>Header Files\lights</Filter>
    </ClInclude>
    <ClInclude Include="include\lights\SpotLightNode.h">
      <Filter>Header Files\lights</Filter>
    </ClInclude>
    <ClInclude Include="include\lights\DirectionLightNode.h">
      <Filter>Header Files\lights</Filter>
    </ClInclude>
    <ClInclude Include="include\lights\LightManager.h">
      <Filter>Header Files\lights</Filter>
    </ClInclude>
    <ClInclude Include="include\states\CoreState.h">
      <Filter>Header Files\states</Filter>
    </ClInclude>
    <ClInclude Include="include\manipulators\CameraManipulator.h">
      <Filter>Header Files\manipulators</Filter>
    </ClInclude>
    <ClInclude Include="include\nodes\CameraNode.h">
      <Filter>Header Files\nodes</Filter>
    </ClInclude>
    <ClInclude Include="include\stdafx.h">
      <Filter>Header Files</Filter>
    </ClInclude>
    <ClInclude Include="include\states\FrameBuffer.h">
      <Filter>Header Files\states</Filter>
    </ClInclude>
    <ClInclude Include="include\graphics\Texture.h">
      <Filter>Header Files\graphics</Filter>
    </ClInclude>
    <ClInclude Include="include\graphics\RenderBuffer.h">
      <Filter>Header Files\graphics</Filter>
    </ClInclude>
    <ClInclude Include="include\graphics\Material.h">
      <Filter>Header Files\graphics</Filter>
    </ClInclude>
    <ClInclude Include="include\input\ResourceManager.h">
      <Filter>Header Files\input</Filter>
    </ClInclude>
    <ClInclude Include="include\input\ResourceUploaders.h">
      <Filter>Header Files\input</Filter>
    </ClInclude>
    <ClInclude Include="include\graphics\Shader.h">
      <Filter>Header Files\graphics</Filter>
    </ClInclude>
  </ItemGroup>
  <ItemGroup>
    <ClCompile Include="stdafx.cpp">
      <Filter>Source Files</Filter>
    </ClCompile>
    <ClCompile Include="OpenGLConsole.cpp">
      <Filter>Source Files</Filter>
    </ClCompile>
    <ClCompile Include="Render.cpp">
      <Filter>Source Files</Filter>
    </ClCompile>
    <ClCompile Include="Primitives.cpp">
      <Filter>Source Files</Filter>
    </ClCompile>
    <ClCompile Include="Core.cpp">
      <Filter>Source Files</Filter>
    </ClCompile>
    <ClCompile Include="Camera.cpp">
      <Filter>Source Files</Filter>
    </ClCompile>
    <ClCompile Include="CoreNode.cpp">
      <Filter>Source Files</Filter>
    </ClCompile>
    <ClCompile Include="LightNode.cpp">
      <Filter>Source Files</Filter>
    </ClCompile>
    <ClCompile Include="MeshNode.cpp">
      <Filter>Source Files</Filter>
    </ClCompile>
    <ClCompile Include="Lights.cpp">
      <Filter>Source Files</Filter>
    </ClCompile>
    <ClCompile Include="CoreDevice.cpp">
      <Filter>Source Files</Filter>
    </ClCompile>
    <ClCompile Include="CoreCommands.cpp">
      <Filter>Source Files</Filter>
    </ClCompile>
    <ClCompile Include="TextNode.cpp">
      <Filter>Source Files</Filter>
    </ClCompile>
    <ClCompile Include="EventManager.cpp">
      <Filter>Source Files</Filter>
    </ClCompile>
    <ClCompile Include="EventReceiver.cpp">
      <Filter>Source Files</Filter>
    </ClCompile>
    <ClCompile Include="CoreWindow.cpp">
      <Filter>Source Files</Filter>
    </ClCompile>
    <ClCompile Include="LightManager.cpp">
      <Filter>Source Files</Filter>
    </ClCompile>
    <ClCompile Include="PointLightNode.cpp">
      <Filter>Source Files</Filter>
    </ClCompile>
    <ClCompile Include="SpotLightNode.cpp">
      <Filter>Source Files</Filter>
    </ClCompile>
    <ClCompile Include="DirectionLightNode.cpp">
      <Filter>Source Files</Filter>
    </ClCompile>
    <ClCompile Include="CoreState.cpp">
      <Filter>Source Files\states</Filter>
    </ClCompile>
    <ClCompile Include="src\nodes\CameraNode.cpp">
      <Filter>Source Files\nodes</Filter>
    </ClCompile>
    <ClCompile Include="src\manipulators\CameraManipulator.cpp">
      <Filter>Source Files\manipulators</Filter>
    </ClCompile>
    <ClCompile Include="src\states\FrameBuffer.cpp">
      <Filter>Source Files\states</Filter>
    </ClCompile>
    <ClCompile Include="src\graphics\Texture.cpp">
      <Filter>Source Files\graphics</Filter>
    </ClCompile>
    <ClCompile Include="src\graphics\RenderBuffer.cpp">
      <Filter>Source Files\graphics</Filter>
    </ClCompile>
    <ClCompile Include="src\graphics\Material.cpp">
      <Filter>Source Files\graphics</Filter>
    </ClCompile>
    <ClCompile Include="src\input\ResourceManager.cpp">
      <Filter>Source Files\input</Filter>
    </ClCompile>
    <ClCompile Include="src\graphics\Shader.cpp">
      <Filter>Source Files\graphics</Filter>
    </ClCompile>
  </ItemGroup>
  <ItemGroup>
    <None Include="fragment_core.glsl">
      <Filter>Resource Files</Filter>
    </None>
    <None Include="vertex_core.glsl">
      <Filter>Resource Files</Filter>
    </None>
    <None Include="fragment_light.glsl">
      <Filter>Resource Files</Filter>
    </None>
    <None Include="windshield.vert">
      <Filter>Resource Files</Filter>
    </None>
    <None Include="windshield.frag">
      <Filter>Resource Files</Filter>
    </None>
    <None Include="text.vert">
      <Filter>Resource Files</Filter>
    </None>
    <None Include="text.frag">
      <Filter>Resource Files</Filter>
    </None>
  </ItemGroup>
</Project>